
Microsoft Visual Studio Solution File, Format Version 12.00
# Visual Studio Version 17
VisualStudioVersion = 17.12.35707.178 d17.12
MinimumVisualStudioVersion = 10.0.40219.1
Project("{2150E333-8FDC-42A3-9474-1A3956D46DE8}") = "src", "src", "{AFC55B38-7141-4E75-9169-5295E279785E}"
EndProject
Project("{FAE04EC0-301F-11D3-BF4B-00C04F79EFBC}") = "CineFansApp", "src\CineFansApp\CineFansApp.csproj", "{61CDE942-58DC-4D44-BFB5-5E6D0F7B74E2}"
EndProject
Global
	GlobalSection(SolutionConfigurationPlatforms) = preSolution
		Debug|Any CPU = Debug|Any CPU
		Release|Any CPU = Release|Any CPU
	EndGlobalSection
	GlobalSection(ProjectConfigurationPlatforms) = postSolution
		{61CDE942-58DC-4D44-BFB5-5E6D0F7B74E2}.Debug|Any CPU.ActiveCfg = Debug|Any CPU
		{61CDE942-58DC-4D44-BFB5-5E6D0F7B74E2}.Debug|Any CPU.Build.0 = Debug|Any CPU
		{61CDE942-58DC-4D44-BFB5-5E6D0F7B74E2}.Release|Any CPU.ActiveCfg = Release|Any CPU
		{61CDE942-58DC-4D44-BFB5-5E6D0F7B74E2}.Release|Any CPU.Build.0 = Release|Any CPU
	EndGlobalSection
	GlobalSection(SolutionProperties) = preSolution
		HideSolutionNode = FALSE
	EndGlobalSection
	GlobalSection(NestedProjects) = preSolution
		{61CDE942-58DC-4D44-BFB5-5E6D0F7B74E2} = {AFC55B38-7141-4E75-9169-5295E279785E}
	EndGlobalSection
EndGlobal
